
Microsoft Visual Studio Solution File, Format Version 12.00
# Visual Studio Version 17
VisualStudioVersion = 17.6.33815.320
MinimumVisualStudioVersion = 10.0.40219.1
Project("{9A19103F-16F7-4668-BE54-9A1E7A4F7556}") = "Blazor Lab Starter Code", "Blazor Lab Starter Code\Blazor Lab Starter Code.csproj", "{58813ED2-D821-4BC6-848A-AC29A3487478}"
EndProject
Project("{FAE04EC0-301F-11D3-BF4B-00C04F79EFBC}") = "UnitTesting", "UnitTesting\UnitTesting.csproj", "{585CB04E-1BF4-4D2F-93C2-23A10C3C3D18}"
EndProject
Global
	GlobalSection(SolutionConfigurationPlatforms) = preSolution
		Debug|Any CPU = Debug|Any CPU
		Release|Any CPU = Release|Any CPU
	EndGlobalSection
	GlobalSection(ProjectConfigurationPlatforms) = postSolution
		{58813ED2-D821-4BC6-848A-AC29A3487478}.Debug|Any CPU.ActiveCfg = Debug|Any CPU
		{58813ED2-D821-4BC6-848A-AC29A3487478}.Debug|Any CPU.Build.0 = Debug|Any CPU
		{58813ED2-D821-4BC6-848A-AC29A3487478}.Release|Any CPU.ActiveCfg = Release|Any CPU
		{58813ED2-D821-4BC6-848A-AC29A3487478}.Release|Any CPU.Build.0 = Release|Any CPU
		{585CB04E-1BF4-4D2F-93C2-23A10C3C3D18}.Debug|Any CPU.ActiveCfg = Debug|Any CPU
		{585CB04E-1BF4-4D2F-93C2-23A10C3C3D18}.Debug|Any CPU.Build.0 = Debug|Any CPU
		{585CB04E-1BF4-4D2F-93C2-23A10C3C3D18}.Release|Any CPU.ActiveCfg = Release|Any CPU
		{585CB04E-1BF4-4D2F-93C2-23A10C3C3D18}.Release|Any CPU.Build.0 = Release|Any CPU
	EndGlobalSection
	GlobalSection(SolutionProperties) = preSolution
		HideSolutionNode = FALSE
	EndGlobalSection
	GlobalSection(ExtensibilityGlobals) = postSolution
		SolutionGuid = {8757664B-BB19-49A0-9E4A-EB9DD01A84C8}
	EndGlobalSection
EndGlobal
